
Microsoft Visual Studio Solution File, Format Version 12.00
# Visual Studio Version 17
VisualStudioVersion = 17.14.36408.4
MinimumVisualStudioVersion = 10.0.40219.1
Project("{FAE04EC0-301F-11D3-BF4B-00C04F79EFBC}") = "BulkyWeb", "BulkyWeb\BulkyWeb.csproj", "{E29DBE66-B513-4030-97C8-0B38EEC6A24B}"
EndProject
Project("{FAE04EC0-301F-11D3-BF4B-00C04F79EFBC}") = "BulkyWebRazor_Temp", "BulkyWebRazor_Temp\BulkyWebRazor_Temp.csproj", "{78E868B2-95D9-4C81-A9DC-089613915C94}"
EndProject
Project("{FAE04EC0-301F-11D3-BF4B-00C04F79EFBC}") = "Bulky.Models", "Bulky.Models\Bulky.Models.csproj", "{A7EB1B74-9F7C-4D4E-8931-055AE718F1D8}"
EndProject
Project("{FAE04EC0-301F-11D3-BF4B-00C04F79EFBC}") = "Bulky.Utility", "Bulky.Utility\Bulky.Utility.csproj", "{F8938B8E-79F9-4D95-9449-2BD27F56EE77}"
EndProject
Project("{FAE04EC0-301F-11D3-BF4B-00C04F79EFBC}") = "Bulky.DataAccess", "Bulky.DataAccess\Bulky.DataAccess.csproj", "{48FF749A-29B7-4213-9B24-A1AB4EEE8C5C}"
EndProject
Project("{FAE04EC0-301F-11D3-BF4B-00C04F79EFBC}") = "DI_Service_Lifetime", "DI_Service_Lifetime\DI_Service_Lifetime.csproj", "{0A01BA51-8BAE-4657-8FB4-340A79D54422}"
EndProject
Global
	GlobalSection(SolutionConfigurationPlatforms) = preSolution
		Debug|Any CPU = Debug|Any CPU
		Release|Any CPU = Release|Any CPU
	EndGlobalSection
	GlobalSection(ProjectConfigurationPlatforms) = postSolution
		{E29DBE66-B513-4030-97C8-0B38EEC6A24B}.Debug|Any CPU.ActiveCfg = Release|Any CPU
		{E29DBE66-B513-4030-97C8-0B38EEC6A24B}.Debug|Any CPU.Build.0 = Release|Any CPU
		{E29DBE66-B513-4030-97C8-0B38EEC6A24B}.Release|Any CPU.ActiveCfg = Release|Any CPU
		{E29DBE66-B513-4030-97C8-0B38EEC6A24B}.Release|Any CPU.Build.0 = Release|Any CPU
		{78E868B2-95D9-4C81-A9DC-089613915C94}.Debug|Any CPU.ActiveCfg = Debug|Any CPU
		{78E868B2-95D9-4C81-A9DC-089613915C94}.Debug|Any CPU.Build.0 = Debug|Any CPU
		{78E868B2-95D9-4C81-A9DC-089613915C94}.Release|Any CPU.ActiveCfg = Release|Any CPU
		{78E868B2-95D9-4C81-A9DC-089613915C94}.Release|Any CPU.Build.0 = Release|Any CPU
		{A7EB1B74-9F7C-4D4E-8931-055AE718F1D8}.Debug|Any CPU.ActiveCfg = Release|Any CPU
		{A7EB1B74-9F7C-4D4E-8931-055AE718F1D8}.Debug|Any CPU.Build.0 = Release|Any CPU
		{A7EB1B74-9F7C-4D4E-8931-055AE718F1D8}.Release|Any CPU.ActiveCfg = Release|Any CPU
		{A7EB1B74-9F7C-4D4E-8931-055AE718F1D8}.Release|Any CPU.Build.0 = Release|Any CPU
		{F8938B8E-79F9-4D95-9449-2BD27F56EE77}.Debug|Any CPU.ActiveCfg = Release|Any CPU
		{F8938B8E-79F9-4D95-9449-2BD27F56EE77}.Debug|Any CPU.Build.0 = Release|Any CPU
		{F8938B8E-79F9-4D95-9449-2BD27F56EE77}.Release|Any CPU.ActiveCfg = Release|Any CPU
		{F8938B8E-79F9-4D95-9449-2BD27F56EE77}.Release|Any CPU.Build.0 = Release|Any CPU
		{48FF749A-29B7-4213-9B24-A1AB4EEE8C5C}.Debug|Any CPU.ActiveCfg = Release|Any CPU
		{48FF749A-29B7-4213-9B24-A1AB4EEE8C5C}.Debug|Any CPU.Build.0 = Release|Any CPU
		{48FF749A-29B7-4213-9B24-A1AB4EEE8C5C}.Release|Any CPU.ActiveCfg = Release|Any CPU
		{48FF749A-29B7-4213-9B24-A1AB4EEE8C5C}.Release|Any CPU.Build.0 = Release|Any CPU
		{0A01BA51-8BAE-4657-8FB4-340A79D54422}.Debug|Any CPU.ActiveCfg = Debug|Any CPU
		{0A01BA51-8BAE-4657-8FB4-340A79D54422}.Debug|Any CPU.Build.0 = Debug|Any CPU
		{0A01BA51-8BAE-4657-8FB4-340A79D54422}.Release|Any CPU.ActiveCfg = Release|Any CPU
		{0A01BA51-8BAE-4657-8FB4-340A79D54422}.Release|Any CPU.Build.0 = Release|Any CPU
	EndGlobalSection
	GlobalSection(SolutionProperties) = preSolution
		HideSolutionNode = FALSE
	EndGlobalSection
	GlobalSection(ExtensibilityGlobals) = postSolution
		SolutionGuid = {ADFBAC9D-E81E-495C-895B-55A5A85D93D0}
	EndGlobalSection
EndGlobal
